
Microsoft Visual Studio Solution File, Format Version 12.00
# Visual Studio 15
Project("{FAE04EC0-301F-11D3-BF4B-00C04F79EFBC}") = "Unity.2D.Tilemap.Editor", "Unity.2D.Tilemap.Editor.csproj", "{44D9AD23-4B0F-3F97-3345-5DA8ABE45444}"
EndProject
Project("{FAE04EC0-301F-11D3-BF4B-00C04F79EFBC}") = "UnityEditor.UI", "UnityEditor.UI.csproj", "{C2CE58ED-EE71-997D-C781-5C9A5BE280B0}"
EndProject
Project("{FAE04EC0-301F-11D3-BF4B-00C04F79EFBC}") = "Unity.2D.Sprite.Editor", "Unity.2D.Sprite.Editor.csproj", "{BCF27E87-5DF5-7572-9AE7-1AEA44F0BED2}"
EndProject
Project("{FAE04EC0-301F-11D3-BF4B-00C04F79EFBC}") = "UnityEngine.UI", "UnityEngine.UI.csproj", "{DE9C5E75-61D1-7506-8B02-90F38AA572FC}"
EndProject
Project("{FAE04EC0-301F-11D3-BF4B-00C04F79EFBC}") = "Assembly-CSharp-Editor", "Assembly-CSharp-Editor.csproj", "{748F88AB-3F8F-1DD6-6871-B1BBCDBD7910}"
EndProject
Global
	GlobalSection(SolutionConfigurationPlatforms) = preSolution
		Debug|Any CPU = Debug|Any CPU
		Release|Any CPU = Release|Any CPU
	EndGlobalSection
	GlobalSection(ProjectConfigurationPlatforms) = postSolution
		{44D9AD23-4B0F-3F97-3345-5DA8ABE45444}.Debug|Any CPU.ActiveCfg = Debug|Any CPU
		{44D9AD23-4B0F-3F97-3345-5DA8ABE45444}.Debug|Any CPU.Build.0 = Debug|Any CPU
		{44D9AD23-4B0F-3F97-3345-5DA8ABE45444}.Release|Any CPU.ActiveCfg = Release|Any CPU
		{44D9AD23-4B0F-3F97-3345-5DA8ABE45444}.Release|Any CPU.Build.0 = Release|Any CPU
		{C2CE58ED-EE71-997D-C781-5C9A5BE280B0}.Debug|Any CPU.ActiveCfg = Debug|Any CPU
		{C2CE58ED-EE71-997D-C781-5C9A5BE280B0}.Debug|Any CPU.Build.0 = Debug|Any CPU
		{C2CE58ED-EE71-997D-C781-5C9A5BE280B0}.Release|Any CPU.ActiveCfg = Release|Any CPU
		{C2CE58ED-EE71-997D-C781-5C9A5BE280B0}.Release|Any CPU.Build.0 = Release|Any CPU
		{BCF27E87-5DF5-7572-9AE7-1AEA44F0BED2}.Debug|Any CPU.ActiveCfg = Debug|Any CPU
		{BCF27E87-5DF5-7572-9AE7-1AEA44F0BED2}.Debug|Any CPU.Build.0 = Debug|Any CPU
		{BCF27E87-5DF5-7572-9AE7-1AEA44F0BED2}.Release|Any CPU.ActiveCfg = Release|Any CPU
		{BCF27E87-5DF5-7572-9AE7-1AEA44F0BED2}.Release|Any CPU.Build.0 = Release|Any CPU
		{DE9C5E75-61D1-7506-8B02-90F38AA572FC}.Debug|Any CPU.ActiveCfg = Debug|Any CPU
		{DE9C5E75-61D1-7506-8B02-90F38AA572FC}.Debug|Any CPU.Build.0 = Debug|Any CPU
		{DE9C5E75-61D1-7506-8B02-90F38AA572FC}.Release|Any CPU.ActiveCfg = Release|Any CPU
		{DE9C5E75-61D1-7506-8B02-90F38AA572FC}.Release|Any CPU.Build.0 = Release|Any CPU
		{748F88AB-3F8F-1DD6-6871-B1BBCDBD7910}.Debug|Any CPU.ActiveCfg = Debug|Any CPU
		{748F88AB-3F8F-1DD6-6871-B1BBCDBD7910}.Debug|Any CPU.Build.0 = Debug|Any CPU
		{748F88AB-3F8F-1DD6-6871-B1BBCDBD7910}.Release|Any CPU.ActiveCfg = Release|Any CPU
		{748F88AB-3F8F-1DD6-6871-B1BBCDBD7910}.Release|Any CPU.Build.0 = Release|Any CPU
	EndGlobalSection
	GlobalSection(SolutionProperties) = preSolution
		HideSolutionNode = FALSE
	EndGlobalSection
EndGlobal
